# This file is automatically @generated by Cargo.
# It is not intended for manual editing.
version = 3

[[package]]
name = "app"
version = "0.0.0"
dependencies = [
 "datetime",
 "http1",
 "http1_web",
 "log",
 "rng",
 "serde",
]

[[package]]
name = "datetime"
version = "0.1.0"
dependencies = [
 "serde",
]

[[package]]
name = "http1"
version = "0.1.0"
dependencies = [
 "datetime",
 "log",
 "orderedmap",
 "rng",
 "serde",
]

[[package]]
name = "http1_web"
version = "0.1.0"
dependencies = [
 "datetime",
 "http1",
 "log",
 "orderedmap",
 "rng",
 "serde",
]

[[package]]
name = "log"
version = "0.1.0"
dependencies = [
 "datetime",
]

[[package]]
name = "orderedmap"
version = "0.1.0"

[[package]]
name = "rng"
version = "0.1.0"

[[package]]
name = "serde"
version = "0.1.0"
dependencies = [
 "orderedmap",
]
